
Microsoft Visual Studio Solution File, Format Version 12.00
# Visual Studio Version 16
VisualStudioVersion = 16.0.31702.278
MinimumVisualStudioVersion = 10.0.40219.1
Project("{FAE04EC0-301F-11D3-BF4B-00C04F79EFBC}") = "CursoGit", "CursoGit\CursoGit.csproj", "{773251F0-C460-4CE3-9E53-B5BABDB65BAF}"
EndProject
Global
	GlobalSection(SolutionConfigurationPlatforms) = preSolution
		Debug|Any CPU = Debug|Any CPU
		Release|Any CPU = Release|Any CPU
	EndGlobalSection
	GlobalSection(ProjectConfigurationPlatforms) = postSolution
		{773251F0-C460-4CE3-9E53-B5BABDB65BAF}.Debug|Any CPU.ActiveCfg = Debug|Any CPU
		{773251F0-C460-4CE3-9E53-B5BABDB65BAF}.Debug|Any CPU.Build.0 = Debug|Any CPU
		{773251F0-C460-4CE3-9E53-B5BABDB65BAF}.Release|Any CPU.ActiveCfg = Release|Any CPU
		{773251F0-C460-4CE3-9E53-B5BABDB65BAF}.Release|Any CPU.Build.0 = Release|Any CPU
	EndGlobalSection
	GlobalSection(SolutionProperties) = preSolution
		HideSolutionNode = FALSE
	EndGlobalSection
	GlobalSection(ExtensibilityGlobals) = postSolution
		SolutionGuid = {CCA862BE-A800-41E9-9A65-86ED94DB70BF}
	EndGlobalSection
EndGlobal
